
Microsoft Visual Studio Solution File, Format Version 12.00
# Visual Studio 15
VisualStudioVersion = 15.0.28010.2016
MinimumVisualStudioVersion = 10.0.40219.1
Project("{FAE04EC0-301F-11D3-BF4B-00C04F79EFBC}") = "Mosh_Repository_Pattern", "Mosh_Repository_Pattern.csproj", "{C98D2B40-BFE4-4A68-9800-DD85708179BD}"
EndProject
Global
	GlobalSection(SolutionConfigurationPlatforms) = preSolution
		Debug|Any CPU = Debug|Any CPU
		Release|Any CPU = Release|Any CPU
	EndGlobalSection
	GlobalSection(ProjectConfigurationPlatforms) = postSolution
		{C98D2B40-BFE4-4A68-9800-DD85708179BD}.Debug|Any CPU.ActiveCfg = Debug|Any CPU
		{C98D2B40-BFE4-4A68-9800-DD85708179BD}.Debug|Any CPU.Build.0 = Debug|Any CPU
		{C98D2B40-BFE4-4A68-9800-DD85708179BD}.Release|Any CPU.ActiveCfg = Release|Any CPU
		{C98D2B40-BFE4-4A68-9800-DD85708179BD}.Release|Any CPU.Build.0 = Release|Any CPU
	EndGlobalSection
	GlobalSection(SolutionProperties) = preSolution
		HideSolutionNode = FALSE
	EndGlobalSection
	GlobalSection(ExtensibilityGlobals) = postSolution
		SolutionGuid = {458FAC07-94C1-461D-A73A-86737089460C}
	EndGlobalSection
EndGlobal
